
Microsoft Visual Studio Solution File, Format Version 12.00
# Visual Studio Version 16
VisualStudioVersion = 16.0.31005.135
MinimumVisualStudioVersion = 10.0.40219.1
Project("{FAE04EC0-301F-11D3-BF4B-00C04F79EFBC}") = "cuchi_lua_utils", "cuchi_lua_utils.csproj", "{8E92536B-B21C-41A4-A120-1B1E02F503B0}"
EndProject
Global
	GlobalSection(SolutionConfigurationPlatforms) = preSolution
		Debug|Any CPU = Debug|Any CPU
		Release|Any CPU = Release|Any CPU
	EndGlobalSection
	GlobalSection(ProjectConfigurationPlatforms) = postSolution
		{8E92536B-B21C-41A4-A120-1B1E02F503B0}.Debug|Any CPU.ActiveCfg = Debug|Any CPU
		{8E92536B-B21C-41A4-A120-1B1E02F503B0}.Debug|Any CPU.Build.0 = Debug|Any CPU
		{8E92536B-B21C-41A4-A120-1B1E02F503B0}.Release|Any CPU.ActiveCfg = Release|Any CPU
		{8E92536B-B21C-41A4-A120-1B1E02F503B0}.Release|Any CPU.Build.0 = Release|Any CPU
	EndGlobalSection
	GlobalSection(SolutionProperties) = preSolution
		HideSolutionNode = FALSE
	EndGlobalSection
	GlobalSection(ExtensibilityGlobals) = postSolution
		SolutionGuid = {06AF8843-6080-44F1-B1AB-E6CF2F60E07F}
	EndGlobalSection
EndGlobal
